
Microsoft Visual Studio Solution File, Format Version 12.00
# Visual Studio 15
VisualStudioVersion = 15.0.28010.2016
MinimumVisualStudioVersion = 10.0.40219.1
Project("{8BC9CEB8-8B4A-11D0-8D11-00A0C91BC942}") = "simple", "simple.vcxproj", "{FBDFA38B-308A-4468-AFF8-EF6CA5E6269D}"
EndProject
Global
	GlobalSection(SolutionConfigurationPlatforms) = preSolution
		Debug|x64 = Debug|x64
		Debug|x86 = Debug|x86
		Release|x64 = Release|x64
		Release|x86 = Release|x86
	EndGlobalSection
	GlobalSection(ProjectConfigurationPlatforms) = postSolution
		{FBDFA38B-308A-4468-AFF8-EF6CA5E6269D}.Debug|x64.ActiveCfg = Debug|x64
		{FBDFA38B-308A-4468-AFF8-EF6CA5E6269D}.Debug|x64.Build.0 = Debug|x64
		{FBDFA38B-308A-4468-AFF8-EF6CA5E6269D}.Debug|x86.ActiveCfg = Debug|Win32
		{FBDFA38B-308A-4468-AFF8-EF6CA5E6269D}.Debug|x86.Build.0 = Debug|Win32
		{FBDFA38B-308A-4468-AFF8-EF6CA5E6269D}.Release|x64.ActiveCfg = Release|x64
		{FBDFA38B-308A-4468-AFF8-EF6CA5E6269D}.Release|x64.Build.0 = Release|x64
		{FBDFA38B-308A-4468-AFF8-EF6CA5E6269D}.Release|x86.ActiveCfg = Release|Win32
		{FBDFA38B-308A-4468-AFF8-EF6CA5E6269D}.Release|x86.Build.0 = Release|Win32
	EndGlobalSection
	GlobalSection(SolutionProperties) = preSolution
		HideSolutionNode = FALSE
	EndGlobalSection
	GlobalSection(ExtensibilityGlobals) = postSolution
		SolutionGuid = {CC85B724-41EF-4F83-8879-CB6828B80E94}
	EndGlobalSection
EndGlobal
